// !$*UTF8*$!
{
	archiveVersion = 1;
	classes = {
	};
	objectVersion = 50;
	objects = {

/* Begin PBXBuildFile section */
		BD22A1A822D6FC8100094D7A /* InfoPlist.strings in Resources */ = {isa = PBXBuildFile; fileRef = BD22A1AA22D6FC8100094D7A /* InfoPlist.strings */; };
		BDAAE22F225F6BD7009EE0EF /* index.html in Resources */ = {isa = PBXBuildFile; fileRef = BDAAE22E225F6BD7009EE0EF /* index.html */; };
		EC91FFCF21CCF119003EB699 /* AppDelegate.swift in Sources */ = {isa = PBXBuildFile; fileRef = EC91FFCE21CCF119003EB699 /* AppDelegate.swift */; };
		EC91FFD121CCF119003EB699 /* ViewController.swift in Sources */ = {isa = PBXBuildFile; fileRef = EC91FFD021CCF119003EB699 /* ViewController.swift */; };
		EC91FFD421CCF119003EB699 /* Main.storyboard in Resources */ = {isa = PBXBuildFile; fileRef = EC91FFD221CCF119003EB699 /* Main.storyboard */; };
		EC91FFD621CCF11B003EB699 /* Assets.xcassets in Resources */ = {isa = PBXBuildFile; fileRef = EC91FFD521CCF11B003EB699 /* Assets.xcassets */; };
		EC91FFD921CCF11B003EB699 /* LaunchScreen.storyboard in Resources */ = {isa = PBXBuildFile; fileRef = EC91FFD721CCF11B003EB699 /* LaunchScreen.storyboard */; };
		EC91FFE421CCF11B003EB699 /* anarTests.swift in Sources */ = {isa = PBXBuildFile; fileRef = EC91FFE321CCF11B003EB699 /* anarTests.swift */; };
		EC91FFEF21CCF11B003EB699 /* anarUITests.swift in Sources */ = {isa = PBXBuildFile; fileRef = EC91FFEE21CCF11B003EB699 /* anarUITests.swift */; };
/* End PBXBuildFile section */

/* Begin PBXContainerItemProxy section */
		EC91FFE021CCF11B003EB699 /* PBXContainerItemProxy */ = {
			isa = PBXContainerItemProxy;
			containerPortal = EC91FFC321CCF119003EB699 /* Project object */;
			proxyType = 1;
			remoteGlobalIDString = EC91FFCA21CCF119003EB699;
			remoteInfo = anar;
		};
		EC91FFEB21CCF11B003EB699 /* PBXContainerItemProxy */ = {
			isa = PBXContainerItemProxy;
			containerPortal = EC91FFC321CCF119003EB699 /* Project object */;
			proxyType = 1;
			remoteGlobalIDString = EC91FFCA21CCF119003EB699;
			remoteInfo = anar;
		};
/* End PBXContainerItemProxy section */

/* Begin PBXFileReference section */
		377B6E13223516D7000CDE65 /* sv */ = {isa = PBXFileReference; lastKnownFileType = text.plist.strings; name = sv; path = sv.lproj/Main.strings; sourceTree = "<group>"; };
		377B6E14223516D7000CDE65 /* sv */ = {isa = PBXFileReference; lastKnownFileType = text.plist.strings; name = sv; path = sv.lproj/LaunchScreen.strings; sourceTree = "<group>"; };
		377B6E1922352B79000CDE65 /* Base */ = {isa = PBXFileReference; lastKnownFileType = text.plist.xml; name = Base; path = Base.lproj/Info.plist; sourceTree = "<group>"; };
		BD22A1A922D6FC8100094D7A /* en */ = {isa = PBXFileReference; lastKnownFileType = text.plist.strings; name = en; path = en.lproj/InfoPlist.strings; sourceTree = "<group>"; };
		BD22A1AB22D6FC8700094D7A /* sv */ = {isa = PBXFileReference; lastKnownFileType = text.plist.strings; name = sv; path = sv.lproj/InfoPlist.strings; sourceTree = "<group>"; };
		BDAAE22E225F6BD7009EE0EF /* index.html */ = {isa = PBXFileReference; fileEncoding = 4; lastKnownFileType = text.html; path = index.html; sourceTree = "<group>"; };
		EC91FFCB21CCF119003EB699 /* Anar Find&Eat.app */ = {isa = PBXFileReference; explicitFileType = wrapper.application; includeInIndex = 0; path = "Anar Find&Eat.app"; sourceTree = BUILT_PRODUCTS_DIR; };
		EC91FFCE21CCF119003EB699 /* AppDelegate.swift */ = {isa = PBXFileReference; lastKnownFileType = sourcecode.swift; path = AppDelegate.swift; sourceTree = "<group>"; };
		EC91FFD021CCF119003EB699 /* ViewController.swift */ = {isa = PBXFileReference; lastKnownFileType = sourcecode.swift; path = ViewController.swift; sourceTree = "<group>"; };
		EC91FFD321CCF119003EB699 /* Base */ = {isa = PBXFileReference; lastKnownFileType = file.storyboard; name = Base; path = Base.lproj/Main.storyboard; sourceTree = "<group>"; };
		EC91FFD521CCF11B003EB699 /* Assets.xcassets */ = {isa = PBXFileReference; lastKnownFileType = folder.assetcatalog; path = Assets.xcassets; sourceTree = "<group>"; };
		EC91FFD821CCF11B003EB699 /* Base */ = {isa = PBXFileReference; lastKnownFileType = file.storyboard; name = Base; path = Base.lproj/LaunchScreen.storyboard; sourceTree = "<group>"; };
		EC91FFDF21CCF11B003EB699 /* Anar Find&EatTests.xctest */ = {isa = PBXFileReference; explicitFileType = wrapper.cfbundle; includeInIndex = 0; path = "Anar Find&EatTests.xctest"; sourceTree = BUILT_PRODUCTS_DIR; };
		EC91FFE321CCF11B003EB699 /* anarTests.swift */ = {isa = PBXFileReference; lastKnownFileType = sourcecode.swift; path = anarTests.swift; sourceTree = "<group>"; };
		EC91FFE521CCF11B003EB699 /* Info.plist */ = {isa = PBXFileReference; lastKnownFileType = text.plist.xml; path = Info.plist; sourceTree = "<group>"; };
		EC91FFEA21CCF11B003EB699 /* Anar Find&EatUITests.xctest */ = {isa = PBXFileReference; explicitFileType = wrapper.cfbundle; includeInIndex = 0; path = "Anar Find&EatUITests.xctest"; sourceTree = BUILT_PRODUCTS_DIR; };
		EC91FFEE21CCF11B003EB699 /* anarUITests.swift */ = {isa = PBXFileReference; lastKnownFileType = sourcecode.swift; path = anarUITests.swift; sourceTree = "<group>"; };
		EC91FFF021CCF11B003EB699 /* Info.plist */ = {isa = PBXFileReference; lastKnownFileType = text.plist.xml; path = Info.plist; sourceTree = "<group>"; };
/* End PBXFileReference section */

/* Begin PBXFrameworksBuildPhase section */
		EC91FFC821CCF119003EB699 /* Frameworks */ = {
			isa = PBXFrameworksBuildPhase;
			buildActionMask = 2147483647;
			files = (
			);
			runOnlyForDeploymentPostprocessing = 0;
		};
		EC91FFDC21CCF11B003EB699 /* Frameworks */ = {
			isa = PBXFrameworksBuildPhase;
			buildActionMask = 2147483647;
			files = (
			);
			runOnlyForDeploymentPostprocessing = 0;
		};
		EC91FFE721CCF11B003EB699 /* Frameworks */ = {
			isa = PBXFrameworksBuildPhase;
			buildActionMask = 2147483647;
			files = (
			);
			runOnlyForDeploymentPostprocessing = 0;
		};
/* End PBXFrameworksBuildPhase section */

/* Begin PBXGroup section */
		EC91FFC221CCF119003EB699 = {
			isa = PBXGroup;
			children = (
				EC91FFCD21CCF119003EB699 /* anar */,
				EC91FFE221CCF11B003EB699 /* anarTests */,
				EC91FFED21CCF11B003EB699 /* anarUITests */,
				EC91FFCC21CCF119003EB699 /* Products */,
			);
			sourceTree = "<group>";
		};
		EC91FFCC21CCF119003EB699 /* Products */ = {
			isa = PBXGroup;
			children = (
				EC91FFCB21CCF119003EB699 /* Anar Find&Eat.app */,
				EC91FFDF21CCF11B003EB699 /* Anar Find&EatTests.xctest */,
				EC91FFEA21CCF11B003EB699 /* Anar Find&EatUITests.xctest */,
			);
			name = Products;
			sourceTree = "<group>";
		};
		EC91FFCD21CCF119003EB699 /* anar */ = {
			isa = PBXGroup;
			children = (
				EC91FFCE21CCF119003EB699 /* AppDelegate.swift */,
				EC91FFD021CCF119003EB699 /* ViewController.swift */,
				EC91FFD221CCF119003EB699 /* Main.storyboard */,
				EC91FFD521CCF11B003EB699 /* Assets.xcassets */,
				BDAAE22E225F6BD7009EE0EF /* index.html */,
				EC91FFD721CCF11B003EB699 /* LaunchScreen.storyboard */,
				377B6E1622351712000CDE65 /* Info.plist */,
				BD22A1AA22D6FC8100094D7A /* InfoPlist.strings */,
			);
			path = anar;
			sourceTree = "<group>";
		};
		EC91FFE221CCF11B003EB699 /* anarTests */ = {
			isa = PBXGroup;
			children = (
				EC91FFE321CCF11B003EB699 /* anarTests.swift */,
				EC91FFE521CCF11B003EB699 /* Info.plist */,
			);
			path = anarTests;
			sourceTree = "<group>";
		};
		EC91FFED21CCF11B003EB699 /* anarUITests */ = {
			isa = PBXGroup;
			children = (
				EC91FFEE21CCF11B003EB699 /* anarUITests.swift */,
				EC91FFF021CCF11B003EB699 /* Info.plist */,
			);
			path = anarUITests;
			sourceTree = "<group>";
		};
/* End PBXGroup section */

/* Begin PBXNativeTarget section */
		EC91FFCA21CCF119003EB699 /* Anar Find&Eat */ = {
			isa = PBXNativeTarget;
			buildConfigurationList = EC91FFF321CCF11B003EB699 /* Build configuration list for PBXNativeTarget "Anar Find&Eat" */;
			buildPhases = (
				EC91FFC721CCF119003EB699 /* Sources */,
				EC91FFC821CCF119003EB699 /* Frameworks */,
				EC91FFC921CCF119003EB699 /* Resources */,
			);
			buildRules = (
			);
			dependencies = (
			);
			name = "Anar Find&Eat";
			productName = anar;
			productReference = EC91FFCB21CCF119003EB699 /* Anar Find&Eat.app */;
			productType = "com.apple.product-type.application";
		};
		EC91FFDE21CCF11B003EB699 /* Anar Find&EatTests */ = {
			isa = PBXNativeTarget;
			buildConfigurationList = EC91FFF621CCF11B003EB699 /* Build configuration list for PBXNativeTarget "Anar Find&EatTests" */;
			buildPhases = (
				EC91FFDB21CCF11B003EB699 /* Sources */,
				EC91FFDC21CCF11B003EB699 /* Frameworks */,
				EC91FFDD21CCF11B003EB699 /* Resources */,
			);
			buildRules = (
			);
			dependencies = (
				EC91FFE121CCF11B003EB699 /* PBXTargetDependency */,
			);
			name = "Anar Find&EatTests";
			productName = anarTests;
			productReference = EC91FFDF21CCF11B003EB699 /* Anar Find&EatTests.xctest */;
			productType = "com.apple.product-type.bundle.unit-test";
		};
		EC91FFE921CCF11B003EB699 /* Anar Find&EatUITests */ = {
			isa = PBXNativeTarget;
			buildConfigurationList = EC91FFF921CCF11B003EB699 /* Build configuration list for PBXNativeTarget "Anar Find&EatUITests" */;
			buildPhases = (
				EC91FFE621CCF11B003EB699 /* Sources */,
				EC91FFE721CCF11B003EB699 /* Frameworks */,
				EC91FFE821CCF11B003EB699 /* Resources */,
			);
			buildRules = (
			);
			dependencies = (
				EC91FFEC21CCF11B003EB699 /* PBXTargetDependency */,
			);
			name = "Anar Find&EatUITests";
			productName = anarUITests;
			productReference = EC91FFEA21CCF11B003EB699 /* Anar Find&EatUITests.xctest */;
			productType = "com.apple.product-type.bundle.ui-testing";
		};
/* End PBXNativeTarget section */

/* Begin PBXProject section */
		EC91FFC321CCF119003EB699 /* Project object */ = {
			isa = PBXProject;
			attributes = {
				LastSwiftUpdateCheck = 1010;
				LastUpgradeCheck = 1010;
				ORGANIZATIONNAME = "Dastjar Ab";
				TargetAttributes = {
					EC91FFCA21CCF119003EB699 = {
						CreatedOnToolsVersion = 10.1;
					};
					EC91FFDE21CCF11B003EB699 = {
						CreatedOnToolsVersion = 10.1;
						TestTargetID = EC91FFCA21CCF119003EB699;
					};
					EC91FFE921CCF11B003EB699 = {
						CreatedOnToolsVersion = 10.1;
						TestTargetID = EC91FFCA21CCF119003EB699;
					};
				};
			};
			buildConfigurationList = EC91FFC621CCF119003EB699 /* Build configuration list for PBXProject "Anar Find&Eat" */;
			compatibilityVersion = "Xcode 9.3";
			developmentRegion = en;
			hasScannedForEncodings = 0;
			knownRegions = (
				en,
				Base,
				sv,
			);
			mainGroup = EC91FFC221CCF119003EB699;
			productRefGroup = EC91FFCC21CCF119003EB699 /* Products */;
			projectDirPath = "";
			projectRoot = "";
			targets = (
				EC91FFCA21CCF119003EB699 /* Anar Find&Eat */,
				EC91FFDE21CCF11B003EB699 /* Anar Find&EatTests */,
				EC91FFE921CCF11B003EB699 /* Anar Find&EatUITests */,
			);
		};
/* End PBXProject section */

/* Begin PBXResourcesBuildPhase section */
		EC91FFC921CCF119003EB699 /* Resources */ = {
			isa = PBXResourcesBuildPhase;
			buildActionMask = 2147483647;
			files = (
				EC91FFD921CCF11B003EB699 /* LaunchScreen.storyboard in Resources */,
				BDAAE22F225F6BD7009EE0EF /* index.html in Resources */,
				EC91FFD621CCF11B003EB699 /* Assets.xcassets in Resources */,
				EC91FFD421CCF119003EB699 /* Main.storyboard in Resources */,
				BD22A1A822D6FC8100094D7A /* InfoPlist.strings in Resources */,
			);
			runOnlyForDeploymentPostprocessing = 0;
		};
		EC91FFDD21CCF11B003EB699 /* Resources */ = {
			isa = PBXResourcesBuildPhase;
			buildActionMask = 2147483647;
			files = (
			);
			runOnlyForDeploymentPostprocessing = 0;
		};
		EC91FFE821CCF11B003EB699 /* Resources */ = {
			isa = PBXResourcesBuildPhase;
			buildActionMask = 2147483647;
			files = (
			);
			runOnlyForDeploymentPostprocessing = 0;
		};
/* End PBXResourcesBuildPhase section */

/* Begin PBXSourcesBuildPhase section */
		EC91FFC721CCF119003EB699 /* Sources */ = {
			isa = PBXSourcesBuildPhase;
			buildActionMask = 2147483647;
			files = (
				EC91FFD121CCF119003EB699 /* ViewController.swift in Sources */,
				EC91FFCF21CCF119003EB699 /* AppDelegate.swift in Sources */,
			);
			runOnlyForDeploymentPostprocessing = 0;
		};
		EC91FFDB21CCF11B003EB699 /* Sources */ = {
			isa = PBXSourcesBuildPhase;
			buildActionMask = 2147483647;
			files = (
				EC91FFE421CCF11B003EB699 /* anarTests.swift in Sources */,
			);
			runOnlyForDeploymentPostprocessing = 0;
		};
		EC91FFE621CCF11B003EB699 /* Sources */ = {
			isa = PBXSourcesBuildPhase;
			buildActionMask = 2147483647;
			files = (
				EC91FFEF21CCF11B003EB699 /* anarUITests.swift in Sources */,
			);
			runOnlyForDeploymentPostprocessing = 0;
		};
/* End PBXSourcesBuildPhase section */

/* Begin PBXTargetDependency section */
		EC91FFE121CCF11B003EB699 /* PBXTargetDependency */ = {
			isa = PBXTargetDependency;
			target = EC91FFCA21CCF119003EB699 /* Anar Find&Eat */;
			targetProxy = EC91FFE021CCF11B003EB699 /* PBXContainerItemProxy */;
		};
		EC91FFEC21CCF11B003EB699 /* PBXTargetDependency */ = {
			isa = PBXTargetDependency;
			target = EC91FFCA21CCF119003EB699 /* Anar Find&Eat */;
			targetProxy = EC91FFEB21CCF11B003EB699 /* PBXContainerItemProxy */;
		};
/* End PBXTargetDependency section */

/* Begin PBXVariantGroup section */
		377B6E1622351712000CDE65 /* Info.plist */ = {
			isa = PBXVariantGroup;
			children = (
				377B6E1922352B79000CDE65 /* Base */,
			);
			name = Info.plist;
			path = anar;
			sourceTree = SOURCE_ROOT;
		};
		BD22A1AA22D6FC8100094D7A /* InfoPlist.strings */ = {
			isa = PBXVariantGroup;
			children = (
				BD22A1A922D6FC8100094D7A /* en */,
				BD22A1AB22D6FC8700094D7A /* sv */,
			);
			name = InfoPlist.strings;
			sourceTree = "<group>";
		};
		EC91FFD221CCF119003EB699 /* Main.storyboard */ = {
			isa = PBXVariantGroup;
			children = (
				EC91FFD321CCF119003EB699 /* Base */,
				377B6E13223516D7000CDE65 /* sv */,
			);
			name = Main.storyboard;
			sourceTree = "<group>";
		};
		EC91FFD721CCF11B003EB699 /* LaunchScreen.storyboard */ = {
			isa = PBXVariantGroup;
			children = (
				EC91FFD821CCF11B003EB699 /* Base */,
				377B6E14223516D7000CDE65 /* sv */,
			);
			name = LaunchScreen.storyboard;
			sourceTree = "<group>";
		};
/* End PBXVariantGroup section */

/* Begin XCBuildConfiguration section */
		EC91FFF121CCF11B003EB699 /* Debug */ = {
			isa = XCBuildConfiguration;
			buildSettings = {
				ALWAYS_SEARCH_USER_PATHS = NO;
				CLANG_ANALYZER_LOCALIZABILITY_NONLOCALIZED = YES;
				CLANG_ANALYZER_NONNULL = YES;
				CLANG_ANALYZER_NUMBER_OBJECT_CONVERSION = YES_AGGRESSIVE;
				CLANG_CXX_LANGUAGE_STANDARD = "gnu++14";
				CLANG_CXX_LIBRARY = "libc++";
				CLANG_ENABLE_MODULES = YES;
				CLANG_ENABLE_OBJC_ARC = YES;
				CLANG_ENABLE_OBJC_WEAK = YES;
				CLANG_WARN_BLOCK_CAPTURE_AUTORELEASING = YES;
				CLANG_WARN_BOOL_CONVERSION = YES;
				CLANG_WARN_COMMA = YES;
				CLANG_WARN_CONSTANT_CONVERSION = YES;
				CLANG_WARN_DEPRECATED_OBJC_IMPLEMENTATIONS = YES;
				CLANG_WARN_DIRECT_OBJC_ISA_USAGE = YES_ERROR;
				CLANG_WARN_DOCUMENTATION_COMMENTS = YES;
				CLANG_WARN_EMPTY_BODY = YES;
				CLANG_WARN_ENUM_CONVERSION = YES;
				CLANG_WARN_INFINITE_RECURSION = YES;
				CLANG_WARN_INT_CONVERSION = YES;
				CLANG_WARN_NON_LITERAL_NULL_CONVERSION = YES;
				CLANG_WARN_OBJC_IMPLICIT_RETAIN_SELF = YES;
				CLANG_WARN_OBJC_LITERAL_CONVERSION = YES;
				CLANG_WARN_OBJC_ROOT_CLASS = YES_ERROR;
				CLANG_WARN_RANGE_LOOP_ANALYSIS = YES;
				CLANG_WARN_STRICT_PROTOTYPES = YES;
				CLANG_WARN_SUSPICIOUS_MOVE = YES;
				CLANG_WARN_UNGUARDED_AVAILABILITY = YES_AGGRESSIVE;
				CLANG_WARN_UNREACHABLE_CODE = YES;
				CLANG_WARN__DUPLICATE_METHOD_MATCH = YES;
				CODE_SIGN_IDENTITY = "iPhone Developer";
				COPY_PHASE_STRIP = NO;
				DEBUG_INFORMATION_FORMAT = dwarf;
				ENABLE_STRICT_OBJC_MSGSEND = YES;
				ENABLE_TESTABILITY = YES;
				GCC_C_LANGUAGE_STANDARD = gnu11;
				GCC_DYNAMIC_NO_PIC = NO;
				GCC_NO_COMMON_BLOCKS = YES;
				GCC_OPTIMIZATION_LEVEL = 0;
				GCC_PREPROCESSOR_DEFINITIONS = (
					"DEBUG=1",
					"$(inherited)",
				);
				GCC_WARN_64_TO_32_BIT_CONVERSION = YES;
				GCC_WARN_ABOUT_RETURN_TYPE = YES_ERROR;
				GCC_WARN_UNDECLARED_SELECTOR = YES;
				GCC_WARN_UNINITIALIZED_AUTOS = YES_AGGRESSIVE;
				GCC_WARN_UNUSED_FUNCTION = YES;
				GCC_WARN_UNUSED_VARIABLE = YES;
				IPHONEOS_DEPLOYMENT_TARGET = 12.1;
				MTL_ENABLE_DEBUG_INFO = INCLUDE_SOURCE;
				MTL_FAST_MATH = YES;
				ONLY_ACTIVE_ARCH = YES;
				SDKROOT = iphoneos;
				SWIFT_ACTIVE_COMPILATION_CONDITIONS = DEBUG;
				SWIFT_OPTIMIZATION_LEVEL = "-Onone";
			};
			name = Debug;
		};
		EC91FFF221CCF11B003EB699 /* Release */ = {
			isa = XCBuildConfiguration;
			buildSettings = {
				ALWAYS_SEARCH_USER_PATHS = NO;
				CLANG_ANALYZER_LOCALIZABILITY_NONLOCALIZED = YES;
				CLANG_ANALYZER_NONNULL = YES;
				CLANG_ANALYZER_NUMBER_OBJECT_CONVERSION = YES_AGGRESSIVE;
				CLANG_CXX_LANGUAGE_STANDARD = "gnu++14";
				CLANG_CXX_LIBRARY = "libc++";
				CLANG_ENABLE_MODULES = YES;
				CLANG_ENABLE_OBJC_ARC = YES;
				CLANG_ENABLE_OBJC_WEAK = YES;
				CLANG_WARN_BLOCK_CAPTURE_AUTORELEASING = YES;
				CLANG_WARN_BOOL_CONVERSION = YES;
				CLANG_WARN_COMMA = YES;
				CLANG_WARN_CONSTANT_CONVERSION = YES;
				CLANG_WARN_DEPRECATED_OBJC_IMPLEMENTATIONS = YES;
				CLANG_WARN_DIRECT_OBJC_ISA_USAGE = YES_ERROR;
				CLANG_WARN_DOCUMENTATION_COMMENTS = YES;
				CLANG_WARN_EMPTY_BODY = YES;
				CLANG_WARN_ENUM_CONVERSION = YES;
				CLANG_WARN_INFINITE_RECURSION = YES;
				CLANG_WARN_INT_CONVERSION = YES;
				CLANG_WARN_NON_LITERAL_NULL_CONVERSION = YES;
				CLANG_WARN_OBJC_IMPLICIT_RETAIN_SELF = YES;
				CLANG_WARN_OBJC_LITERAL_CONVERSION = YES;
				CLANG_WARN_OBJC_ROOT_CLASS = YES_ERROR;
				CLANG_WARN_RANGE_LOOP_ANALYSIS = YES;
				CLANG_WARN_STRICT_PROTOTYPES = YES;
				CLANG_WARN_SUSPICIOUS_MOVE = YES;
				CLANG_WARN_UNGUARDED_AVAILABILITY = YES_AGGRESSIVE;
				CLANG_WARN_UNREACHABLE_CODE = YES;
				CLANG_WARN__DUPLICATE_METHOD_MATCH = YES;
				CODE_SIGN_IDENTITY = "iPhone Developer";
				COPY_PHASE_STRIP = NO;
				DEBUG_INFORMATION_FORMAT = "dwarf-with-dsym";
				ENABLE_NS_ASSERTIONS = NO;
				ENABLE_STRICT_OBJC_MSGSEND = YES;
				GCC_C_LANGUAGE_STANDARD = gnu11;
				GCC_NO_COMMON_BLOCKS = YES;
				GCC_WARN_64_TO_32_BIT_CONVERSION = YES;
				GCC_WARN_ABOUT_RETURN_TYPE = YES_ERROR;
				GCC_WARN_UNDECLARED_SELECTOR = YES;
				GCC_WARN_UNINITIALIZED_AUTOS = YES_AGGRESSIVE;
				GCC_WARN_UNUSED_FUNCTION = YES;
				GCC_WARN_UNUSED_VARIABLE = YES;
				IPHONEOS_DEPLOYMENT_TARGET = 12.1;
				MTL_ENABLE_DEBUG_INFO = NO;
				MTL_FAST_MATH = YES;
				SDKROOT = iphoneos;
				SWIFT_COMPILATION_MODE = wholemodule;
				SWIFT_OPTIMIZATION_LEVEL = "-O";
				VALIDATE_PRODUCT = YES;
			};
			name = Release;
		};
		EC91FFF421CCF11B003EB699 /* Debug */ = {
			isa = XCBuildConfiguration;
			buildSettings = {
				ASSETCATALOG_COMPILER_APPICON_NAME = AppIcon;
				ASSETCATALOG_COMPILER_LAUNCHIMAGE_NAME = LaunchImage;
				CODE_SIGN_IDENTITY = "iPhone Developer";
				CODE_SIGN_STYLE = Manual;
				DEVELOPMENT_TEAM = "";
				INFOPLIST_FILE = anar/Info.plist;
				IPHONEOS_DEPLOYMENT_TARGET = 11.0;
				LD_RUNPATH_SEARCH_PATHS = (
					"$(inherited)",
					"@executable_path/Frameworks",
				);
				ONLY_ACTIVE_ARCH = NO;
				PRODUCT_BUNDLE_IDENTIFIER = "com.dastjar.anar-find-eat";
				PRODUCT_NAME = "$(TARGET_NAME)";
				PROVISIONING_PROFILE_SPECIFIER = "";
				SWIFT_VERSION = 4.2;
				TARGETED_DEVICE_FAMILY = 1;
			};
			name = Debug;
		};
		EC91FFF521CCF11B003EB699 /* Release */ = {
			isa = XCBuildConfiguration;
			buildSettings = {
				ASSETCATALOG_COMPILER_APPICON_NAME = AppIcon;
				ASSETCATALOG_COMPILER_LAUNCHIMAGE_NAME = LaunchImage;
				CODE_SIGN_IDENTITY = "iPhone Developer";
				CODE_SIGN_STYLE = Manual;
				DEVELOPMENT_TEAM = "";
				INFOPLIST_FILE = anar/Info.plist;
				IPHONEOS_DEPLOYMENT_TARGET = 11.0;
				LD_RUNPATH_SEARCH_PATHS = (
					"$(inherited)",
					"@executable_path/Frameworks",
				);
				ONLY_ACTIVE_ARCH = YES;
				PRODUCT_BUNDLE_IDENTIFIER = "com.dastjar.anar-find-eat";
				PRODUCT_NAME = "$(TARGET_NAME)";
				PROVISIONING_PROFILE_SPECIFIER = "";
				SWIFT_VERSION = 4.2;
				TARGETED_DEVICE_FAMILY = 1;
			};
			name = Release;
		};
		EC91FFF721CCF11B003EB699 /* Debug */ = {
			isa = XCBuildConfiguration;
			buildSettings = {
				ALWAYS_EMBED_SWIFT_STANDARD_LIBRARIES = YES;
				BUNDLE_LOADER = "$(TEST_HOST)";
				CODE_SIGN_STYLE = Automatic;
				INFOPLIST_FILE = anarTests/Info.plist;
				LD_RUNPATH_SEARCH_PATHS = (
					"$(inherited)",
					"@executable_path/Frameworks",
					"@loader_path/Frameworks",
				);
				PRODUCT_BUNDLE_IDENTIFIER = com.dastjar.anar.anarTests;
				PRODUCT_NAME = "$(TARGET_NAME)";
				SWIFT_VERSION = 4.2;
				TARGETED_DEVICE_FAMILY = "1,2";
				TEST_HOST = "$(BUILT_PRODUCTS_DIR)/Anar Find&Eat.app/Anar Find&Eat";
			};
			name = Debug;
		};
		EC91FFF821CCF11B003EB699 /* Release */ = {
			isa = XCBuildConfiguration;
			buildSettings = {
				ALWAYS_EMBED_SWIFT_STANDARD_LIBRARIES = YES;
				BUNDLE_LOADER = "$(TEST_HOST)";
				CODE_SIGN_STYLE = Automatic;
				INFOPLIST_FILE = anarTests/Info.plist;
				LD_RUNPATH_SEARCH_PATHS = (
					"$(inherited)",
					"@executable_path/Frameworks",
					"@loader_path/Frameworks",
				);
				PRODUCT_BUNDLE_IDENTIFIER = com.dastjar.anar.anarTests;
				PRODUCT_NAME = "$(TARGET_NAME)";
				SWIFT_VERSION = 4.2;
				TARGETED_DEVICE_FAMILY = "1,2";
				TEST_HOST = "$(BUILT_PRODUCTS_DIR)/Anar Find&Eat.app/Anar Find&Eat";
			};
			name = Release;
		};
		EC91FFFA21CCF11B003EB699 /* Debug */ = {
			isa = XCBuildConfiguration;
			buildSettings = {
				ALWAYS_EMBED_SWIFT_STANDARD_LIBRARIES = YES;
				CODE_SIGN_STYLE = Automatic;
				INFOPLIST_FILE = anarUITests/Info.plist;
				LD_RUNPATH_SEARCH_PATHS = (
					"$(inherited)",
					"@executable_path/Frameworks",
					"@loader_path/Frameworks",
				);
				PRODUCT_BUNDLE_IDENTIFIER = com.dastjar.anar.anarUITests;
				PRODUCT_NAME = "$(TARGET_NAME)";
				SWIFT_VERSION = 4.2;
				TARGETED_DEVICE_FAMILY = "1,2";
				TEST_TARGET_NAME = anar;
			};
			name = Debug;
		};
		EC91FFFB21CCF11B003EB699 /* Release */ = {
			isa = XCBuildConfiguration;
			buildSettings = {
				ALWAYS_EMBED_SWIFT_STANDARD_LIBRARIES = YES;
				CODE_SIGN_STYLE = Automatic;
				INFOPLIST_FILE = anarUITests/Info.plist;
				LD_RUNPATH_SEARCH_PATHS = (
					"$(inherited)",
					"@executable_path/Frameworks",
					"@loader_path/Frameworks",
				);
				PRODUCT_BUNDLE_IDENTIFIER = com.dastjar.anar.anarUITests;
				PRODUCT_NAME = "$(TARGET_NAME)";
				SWIFT_VERSION = 4.2;
				TARGETED_DEVICE_FAMILY = "1,2";
				TEST_TARGET_NAME = anar;
			};
			name = Release;
		};
/* End XCBuildConfiguration section */

/* Begin XCConfigurationList section */
		EC91FFC621CCF119003EB699 /* Build configuration list for PBXProject "Anar Find&Eat" */ = {
			isa = XCConfigurationList;
			buildConfigurations = (
				EC91FFF121CCF11B003EB699 /* Debug */,
				EC91FFF221CCF11B003EB699 /* Release */,
			);
			defaultConfigurationIsVisible = 0;
			defaultConfigurationName = Release;
		};
		EC91FFF321CCF11B003EB699 /* Build configuration list for PBXNativeTarget "Anar Find&Eat" */ = {
			isa = XCConfigurationList;
			buildConfigurations = (
				EC91FFF421CCF11B003EB699 /* Debug */,
				EC91FFF521CCF11B003EB699 /* Release */,
			);
			defaultConfigurationIsVisible = 0;
			defaultConfigurationName = Release;
		};
		EC91FFF621CCF11B003EB699 /* Build configuration list for PBXNativeTarget "Anar Find&EatTests" */ = {
			isa = XCConfigurationList;
			buildConfigurations = (
				EC91FFF721CCF11B003EB699 /* Debug */,
				EC91FFF821CCF11B003EB699 /* Release */,
			);
			defaultConfigurationIsVisible = 0;
			defaultConfigurationName = Release;
		};
		EC91FFF921CCF11B003EB699 /* Build configuration list for PBXNativeTarget "Anar Find&EatUITests" */ = {
			isa = XCConfigurationList;
			buildConfigurations = (
				EC91FFFA21CCF11B003EB699 /* Debug */,
				EC91FFFB21CCF11B003EB699 /* Release */,
			);
			defaultConfigurationIsVisible = 0;
			defaultConfigurationName = Release;
		};
/* End XCConfigurationList section */
	};
	rootObject = EC91FFC321CCF119003EB699 /* Project object */;
}
